
Microsoft Visual Studio Solution File, Format Version 12.00
# Visual Studio Version 16
VisualStudioVersion = 16.0.31410.357
MinimumVisualStudioVersion = 10.0.40219.1
Project("{2150E333-8FDC-42A3-9474-1A3956D46DE8}") = "Products", "Products", "{A58333C0-FC8D-4DB2-A336-5A2E7A6FF500}"
EndProject
Project("{9A19103F-16F7-4668-BE54-9A1E7A4F7556}") = "ESourcing.Products", "ESourcing.Products\ESourcing.Products.csproj", "{34E1C8A7-7638-4F1A-A8CB-2C9D6C611FF4}"
EndProject
Project("{2150E333-8FDC-42A3-9474-1A3956D46DE8}") = "src", "src", "{8E262E69-17CC-4834-9AB4-2112AE4B300F}"
EndProject
Project("{2150E333-8FDC-42A3-9474-1A3956D46DE8}") = "ApiGateway", "ApiGateway", "{8B7944A6-EE7F-4E5E-9E96-8AD501CEB599}"
EndProject
Project("{2150E333-8FDC-42A3-9474-1A3956D46DE8}") = "Services", "Services", "{E90B1D3E-0019-4220-9F94-73FB5DFCDB6B}"
EndProject
Project("{2150E333-8FDC-42A3-9474-1A3956D46DE8}") = "WebApp", "WebApp", "{8EB598A1-31E8-4B82-9299-D9E983996C3C}"
EndProject
Project("{2150E333-8FDC-42A3-9474-1A3956D46DE8}") = "Common", "Common", "{2338CBCB-ACBA-4840-B0BF-3FA5A8790493}"
EndProject
Project("{2150E333-8FDC-42A3-9474-1A3956D46DE8}") = "Order", "Order", "{20833879-F182-4EAF-9EA8-CF29CAE710D8}"
EndProject
Project("{2150E333-8FDC-42A3-9474-1A3956D46DE8}") = "Sourcing", "Sourcing", "{3D8A45B1-99BA-4BE2-ACC8-478A719C25B7}"
EndProject
Project("{E53339B2-1760-4266-BCC7-CA923CBCF16C}") = "docker-compose", "docker-compose.dcproj", "{AAAC81E4-B5DD-4489-A8E7-CD3542445318}"
EndProject
Project("{9A19103F-16F7-4668-BE54-9A1E7A4F7556}") = "ESourcing.Sourcing", "ESourcing.Sourcing\ESourcing.Sourcing.csproj", "{D189C850-4298-41E5-843C-6F73CCD9668F}"
EndProject
Project("{9A19103F-16F7-4668-BE54-9A1E7A4F7556}") = "EventBusRabbitMQ", "EventBusRabbitMQ\EventBusRabbitMQ.csproj", "{90A7655E-A7D3-4A76-A0FE-628CDBF7FB63}"
EndProject
Project("{9A19103F-16F7-4668-BE54-9A1E7A4F7556}") = "ESourcing.Order", "ESourcing.Order\ESourcing.Order.csproj", "{4818939F-2D82-4ED2-94FC-06AF85B5E98B}"
EndProject
Project("{9A19103F-16F7-4668-BE54-9A1E7A4F7556}") = "Ordering.Domain", "Ordering.Domain\Ordering.Domain.csproj", "{8BE9039A-8C2A-406E-9201-34F15ED53C1E}"
EndProject
Project("{9A19103F-16F7-4668-BE54-9A1E7A4F7556}") = "Ordering.Application", "Ordering.Application\Ordering.Application.csproj", "{D99598C4-7DA1-47FC-A78A-0EA79823017D}"
EndProject
Project("{9A19103F-16F7-4668-BE54-9A1E7A4F7556}") = "Ordering.Infrastructure", "Ordering.Infrastructure\Ordering.Infrastructure.csproj", "{5F6ECC39-92CF-4EFA-AB28-2436FEF62385}"
EndProject
Project("{9A19103F-16F7-4668-BE54-9A1E7A4F7556}") = "ESourcing.APIGateway", "ESourcing.APIGateway\ESourcing.APIGateway.csproj", "{2F62AABA-A9A4-4E49-8D4D-3E6259FED562}"
EndProject
Project("{FAE04EC0-301F-11D3-BF4B-00C04F79EFBC}") = "ESourcing.UI", "ESourcing.UI\ESourcing.UI.csproj", "{61435225-6A97-4DEE-A6FD-06CB3B8C0990}"
EndProject
Project("{FAE04EC0-301F-11D3-BF4B-00C04F79EFBC}") = "ESourcing.UI.Core", "..\ESourcing.UI.Core\ESourcing.UI.Core.csproj", "{0B879F02-3130-4465-8F7F-C2062C2B599F}"
EndProject
Project("{FAE04EC0-301F-11D3-BF4B-00C04F79EFBC}") = "ESourcing.UI.Infrastructure", "..\ESourcing.UI.Infrastructure\ESourcing.UI.Infrastructure.csproj", "{D1EECB0B-6380-4C0E-A4C9-351B5F8A2836}"
EndProject
Global
	GlobalSection(SolutionConfigurationPlatforms) = preSolution
		Debug|Any CPU = Debug|Any CPU
		Release|Any CPU = Release|Any CPU
	EndGlobalSection
	GlobalSection(ProjectConfigurationPlatforms) = postSolution
		{34E1C8A7-7638-4F1A-A8CB-2C9D6C611FF4}.Debug|Any CPU.ActiveCfg = Debug|Any CPU
		{34E1C8A7-7638-4F1A-A8CB-2C9D6C611FF4}.Debug|Any CPU.Build.0 = Debug|Any CPU
		{34E1C8A7-7638-4F1A-A8CB-2C9D6C611FF4}.Release|Any CPU.ActiveCfg = Release|Any CPU
		{34E1C8A7-7638-4F1A-A8CB-2C9D6C611FF4}.Release|Any CPU.Build.0 = Release|Any CPU
		{AAAC81E4-B5DD-4489-A8E7-CD3542445318}.Debug|Any CPU.ActiveCfg = Debug|Any CPU
		{AAAC81E4-B5DD-4489-A8E7-CD3542445318}.Debug|Any CPU.Build.0 = Debug|Any CPU
		{AAAC81E4-B5DD-4489-A8E7-CD3542445318}.Release|Any CPU.ActiveCfg = Release|Any CPU
		{AAAC81E4-B5DD-4489-A8E7-CD3542445318}.Release|Any CPU.Build.0 = Release|Any CPU
		{D189C850-4298-41E5-843C-6F73CCD9668F}.Debug|Any CPU.ActiveCfg = Debug|Any CPU
		{D189C850-4298-41E5-843C-6F73CCD9668F}.Debug|Any CPU.Build.0 = Debug|Any CPU
		{D189C850-4298-41E5-843C-6F73CCD9668F}.Release|Any CPU.ActiveCfg = Release|Any CPU
		{D189C850-4298-41E5-843C-6F73CCD9668F}.Release|Any CPU.Build.0 = Release|Any CPU
		{90A7655E-A7D3-4A76-A0FE-628CDBF7FB63}.Debug|Any CPU.ActiveCfg = Debug|Any CPU
		{90A7655E-A7D3-4A76-A0FE-628CDBF7FB63}.Debug|Any CPU.Build.0 = Debug|Any CPU
		{90A7655E-A7D3-4A76-A0FE-628CDBF7FB63}.Release|Any CPU.ActiveCfg = Release|Any CPU
		{90A7655E-A7D3-4A76-A0FE-628CDBF7FB63}.Release|Any CPU.Build.0 = Release|Any CPU
		{4818939F-2D82-4ED2-94FC-06AF85B5E98B}.Debug|Any CPU.ActiveCfg = Debug|Any CPU
		{4818939F-2D82-4ED2-94FC-06AF85B5E98B}.Debug|Any CPU.Build.0 = Debug|Any CPU
		{4818939F-2D82-4ED2-94FC-06AF85B5E98B}.Release|Any CPU.ActiveCfg = Release|Any CPU
		{4818939F-2D82-4ED2-94FC-06AF85B5E98B}.Release|Any CPU.Build.0 = Release|Any CPU
		{8BE9039A-8C2A-406E-9201-34F15ED53C1E}.Debug|Any CPU.ActiveCfg = Debug|Any CPU
		{8BE9039A-8C2A-406E-9201-34F15ED53C1E}.Debug|Any CPU.Build.0 = Debug|Any CPU
		{8BE9039A-8C2A-406E-9201-34F15ED53C1E}.Release|Any CPU.ActiveCfg = Release|Any CPU
		{8BE9039A-8C2A-406E-9201-34F15ED53C1E}.Release|Any CPU.Build.0 = Release|Any CPU
		{D99598C4-7DA1-47FC-A78A-0EA79823017D}.Debug|Any CPU.ActiveCfg = Debug|Any CPU
		{D99598C4-7DA1-47FC-A78A-0EA79823017D}.Debug|Any CPU.Build.0 = Debug|Any CPU
		{D99598C4-7DA1-47FC-A78A-0EA79823017D}.Release|Any CPU.ActiveCfg = Release|Any CPU
		{D99598C4-7DA1-47FC-A78A-0EA79823017D}.Release|Any CPU.Build.0 = Release|Any CPU
		{5F6ECC39-92CF-4EFA-AB28-2436FEF62385}.Debug|Any CPU.ActiveCfg = Debug|Any CPU
		{5F6ECC39-92CF-4EFA-AB28-2436FEF62385}.Debug|Any CPU.Build.0 = Debug|Any CPU
		{5F6ECC39-92CF-4EFA-AB28-2436FEF62385}.Release|Any CPU.ActiveCfg = Release|Any CPU
		{5F6ECC39-92CF-4EFA-AB28-2436FEF62385}.Release|Any CPU.Build.0 = Release|Any CPU
		{2F62AABA-A9A4-4E49-8D4D-3E6259FED562}.Debug|Any CPU.ActiveCfg = Debug|Any CPU
		{2F62AABA-A9A4-4E49-8D4D-3E6259FED562}.Debug|Any CPU.Build.0 = Debug|Any CPU
		{2F62AABA-A9A4-4E49-8D4D-3E6259FED562}.Release|Any CPU.ActiveCfg = Release|Any CPU
		{2F62AABA-A9A4-4E49-8D4D-3E6259FED562}.Release|Any CPU.Build.0 = Release|Any CPU
		{61435225-6A97-4DEE-A6FD-06CB3B8C0990}.Debug|Any CPU.ActiveCfg = Debug|Any CPU
		{61435225-6A97-4DEE-A6FD-06CB3B8C0990}.Debug|Any CPU.Build.0 = Debug|Any CPU
		{61435225-6A97-4DEE-A6FD-06CB3B8C0990}.Release|Any CPU.ActiveCfg = Release|Any CPU
		{61435225-6A97-4DEE-A6FD-06CB3B8C0990}.Release|Any CPU.Build.0 = Release|Any CPU
		{0B879F02-3130-4465-8F7F-C2062C2B599F}.Debug|Any CPU.ActiveCfg = Debug|Any CPU
		{0B879F02-3130-4465-8F7F-C2062C2B599F}.Debug|Any CPU.Build.0 = Debug|Any CPU
		{0B879F02-3130-4465-8F7F-C2062C2B599F}.Release|Any CPU.ActiveCfg = Release|Any CPU
		{0B879F02-3130-4465-8F7F-C2062C2B599F}.Release|Any CPU.Build.0 = Release|Any CPU
		{D1EECB0B-6380-4C0E-A4C9-351B5F8A2836}.Debug|Any CPU.ActiveCfg = Debug|Any CPU
		{D1EECB0B-6380-4C0E-A4C9-351B5F8A2836}.Debug|Any CPU.Build.0 = Debug|Any CPU
		{D1EECB0B-6380-4C0E-A4C9-351B5F8A2836}.Release|Any CPU.ActiveCfg = Release|Any CPU
		{D1EECB0B-6380-4C0E-A4C9-351B5F8A2836}.Release|Any CPU.Build.0 = Release|Any CPU
	EndGlobalSection
	GlobalSection(SolutionProperties) = preSolution
		HideSolutionNode = FALSE
	EndGlobalSection
	GlobalSection(NestedProjects) = preSolution
		{A58333C0-FC8D-4DB2-A336-5A2E7A6FF500} = {E90B1D3E-0019-4220-9F94-73FB5DFCDB6B}
		{34E1C8A7-7638-4F1A-A8CB-2C9D6C611FF4} = {A58333C0-FC8D-4DB2-A336-5A2E7A6FF500}
		{8B7944A6-EE7F-4E5E-9E96-8AD501CEB599} = {8E262E69-17CC-4834-9AB4-2112AE4B300F}
		{E90B1D3E-0019-4220-9F94-73FB5DFCDB6B} = {8E262E69-17CC-4834-9AB4-2112AE4B300F}
		{8EB598A1-31E8-4B82-9299-D9E983996C3C} = {8E262E69-17CC-4834-9AB4-2112AE4B300F}
		{2338CBCB-ACBA-4840-B0BF-3FA5A8790493} = {E90B1D3E-0019-4220-9F94-73FB5DFCDB6B}
		{20833879-F182-4EAF-9EA8-CF29CAE710D8} = {E90B1D3E-0019-4220-9F94-73FB5DFCDB6B}
		{3D8A45B1-99BA-4BE2-ACC8-478A719C25B7} = {E90B1D3E-0019-4220-9F94-73FB5DFCDB6B}
		{D189C850-4298-41E5-843C-6F73CCD9668F} = {3D8A45B1-99BA-4BE2-ACC8-478A719C25B7}
		{90A7655E-A7D3-4A76-A0FE-628CDBF7FB63} = {2338CBCB-ACBA-4840-B0BF-3FA5A8790493}
		{4818939F-2D82-4ED2-94FC-06AF85B5E98B} = {20833879-F182-4EAF-9EA8-CF29CAE710D8}
		{8BE9039A-8C2A-406E-9201-34F15ED53C1E} = {20833879-F182-4EAF-9EA8-CF29CAE710D8}
		{D99598C4-7DA1-47FC-A78A-0EA79823017D} = {20833879-F182-4EAF-9EA8-CF29CAE710D8}
		{5F6ECC39-92CF-4EFA-AB28-2436FEF62385} = {20833879-F182-4EAF-9EA8-CF29CAE710D8}
		{2F62AABA-A9A4-4E49-8D4D-3E6259FED562} = {8B7944A6-EE7F-4E5E-9E96-8AD501CEB599}
		{61435225-6A97-4DEE-A6FD-06CB3B8C0990} = {8EB598A1-31E8-4B82-9299-D9E983996C3C}
		{0B879F02-3130-4465-8F7F-C2062C2B599F} = {8EB598A1-31E8-4B82-9299-D9E983996C3C}
		{D1EECB0B-6380-4C0E-A4C9-351B5F8A2836} = {8EB598A1-31E8-4B82-9299-D9E983996C3C}
	EndGlobalSection
	GlobalSection(ExtensibilityGlobals) = postSolution
		SolutionGuid = {BEAE9F1B-D281-43B5-B785-88683CCF3869}
	EndGlobalSection
EndGlobal
