
Microsoft Visual Studio Solution File, Format Version 12.00
# Visual Studio Version 16
VisualStudioVersion = 16.0.31410.357
MinimumVisualStudioVersion = 10.0.40219.1
Project("{2150E333-8FDC-42A3-9474-1A3956D46DE8}") = "Products", "Products", "{A58333C0-FC8D-4DB2-A336-5A2E7A6FF500}"
EndProject
Project("{FAE04EC0-301F-11D3-BF4B-00C04F79EFBC}") = "ESourcing.Products", "ESourcing.Products\ESourcing.Products.csproj", "{34E1C8A7-7638-4F1A-A8CB-2C9D6C611FF4}"
EndProject
Global
	GlobalSection(SolutionConfigurationPlatforms) = preSolution
		Debug|Any CPU = Debug|Any CPU
		Release|Any CPU = Release|Any CPU
	EndGlobalSection
	GlobalSection(ProjectConfigurationPlatforms) = postSolution
		{34E1C8A7-7638-4F1A-A8CB-2C9D6C611FF4}.Debug|Any CPU.ActiveCfg = Debug|Any CPU
		{34E1C8A7-7638-4F1A-A8CB-2C9D6C611FF4}.Debug|Any CPU.Build.0 = Debug|Any CPU
		{34E1C8A7-7638-4F1A-A8CB-2C9D6C611FF4}.Release|Any CPU.ActiveCfg = Release|Any CPU
		{34E1C8A7-7638-4F1A-A8CB-2C9D6C611FF4}.Release|Any CPU.Build.0 = Release|Any CPU
	EndGlobalSection
	GlobalSection(SolutionProperties) = preSolution
		HideSolutionNode = FALSE
	EndGlobalSection
	GlobalSection(NestedProjects) = preSolution
		{34E1C8A7-7638-4F1A-A8CB-2C9D6C611FF4} = {A58333C0-FC8D-4DB2-A336-5A2E7A6FF500}
	EndGlobalSection
	GlobalSection(ExtensibilityGlobals) = postSolution
		SolutionGuid = {BEAE9F1B-D281-43B5-B785-88683CCF3869}
	EndGlobalSection
EndGlobal
